// !$*UTF8*$!
{
	archiveVersion = 1;
	classes = {
	};
	objectVersion = 56;
	objects = {

/* Begin PBXBuildFile section */
		C92D6B152A4451CC00E3EDB2 /* AppDelegate.m in Sources */ = {isa = PBXBuildFile; fileRef = C92D6B142A4451CC00E3EDB2 /* AppDelegate.m */; };
		C92D6B182A4451CC00E3EDB2 /* SceneDelegate.m in Sources */ = {isa = PBXBuildFile; fileRef = C92D6B172A4451CC00E3EDB2 /* SceneDelegate.m */; };
		C92D6B1B2A4451CC00E3EDB2 /* SearchViewController.m in Sources */ = {isa = PBXBuildFile; fileRef = C92D6B1A2A4451CC00E3EDB2 /* SearchViewController.m */; };
		C92D6B202A4451CD00E3EDB2 /* Assets.xcassets in Resources */ = {isa = PBXBuildFile; fileRef = C92D6B1F2A4451CD00E3EDB2 /* Assets.xcassets */; };
		C92D6B232A4451CD00E3EDB2 /* LaunchScreen.storyboard in Resources */ = {isa = PBXBuildFile; fileRef = C92D6B212A4451CD00E3EDB2 /* LaunchScreen.storyboard */; };
		C92D6B302A4451CE00E3EDB2 /* UnbelievableSearchEngineTests.m in Sources */ = {isa = PBXBuildFile; fileRef = C92D6B2F2A4451CE00E3EDB2 /* UnbelievableSearchEngineTests.m */; };
		C92D6B3A2A4451CE00E3EDB2 /* UnbelievableSearchEngineUITests.m in Sources */ = {isa = PBXBuildFile; fileRef = C92D6B392A4451CE00E3EDB2 /* UnbelievableSearchEngineUITests.m */; };
		C92D6B3C2A4451CE00E3EDB2 /* UnbelievableSearchEngineUITestsLaunchTests.m in Sources */ = {isa = PBXBuildFile; fileRef = C92D6B3B2A4451CE00E3EDB2 /* UnbelievableSearchEngineUITestsLaunchTests.m */; };
		C92F4D312A44695500092485 /* main.m in Sources */ = {isa = PBXBuildFile; fileRef = C92F4D302A44695500092485 /* main.m */; };
		C92F4D3A2A454A3400092485 /* SearchView.xib in Resources */ = {isa = PBXBuildFile; fileRef = C92F4D392A454A3400092485 /* SearchView.xib */; };
		C92F4D402A455AED00092485 /* SearchViewXib.m in Sources */ = {isa = PBXBuildFile; fileRef = C92F4D3F2A455AED00092485 /* SearchViewXib.m */; };
/* End PBXBuildFile section */

/* Begin PBXContainerItemProxy section */
		C92D6B2C2A4451CD00E3EDB2 /* PBXContainerItemProxy */ = {
			isa = PBXContainerItemProxy;
			containerPortal = C92D6B082A4451CC00E3EDB2 /* Project object */;
			proxyType = 1;
			remoteGlobalIDString = C92D6B0F2A4451CC00E3EDB2;
			remoteInfo = UnbelievableSearchEngine;
		};
		C92D6B362A4451CE00E3EDB2 /* PBXContainerItemProxy */ = {
			isa = PBXContainerItemProxy;
			containerPortal = C92D6B082A4451CC00E3EDB2 /* Project object */;
			proxyType = 1;
			remoteGlobalIDString = C92D6B0F2A4451CC00E3EDB2;
			remoteInfo = UnbelievableSearchEngine;
		};
/* End PBXContainerItemProxy section */

/* Begin PBXFileReference section */
		C92D6B102A4451CC00E3EDB2 /* UnbelievableSearchEngine.app */ = {isa = PBXFileReference; explicitFileType = wrapper.application; includeInIndex = 0; path = UnbelievableSearchEngine.app; sourceTree = BUILT_PRODUCTS_DIR; };
		C92D6B132A4451CC00E3EDB2 /* AppDelegate.h */ = {isa = PBXFileReference; lastKnownFileType = sourcecode.c.h; path = AppDelegate.h; sourceTree = "<group>"; };
		C92D6B142A4451CC00E3EDB2 /* AppDelegate.m */ = {isa = PBXFileReference; lastKnownFileType = sourcecode.c.objc; path = AppDelegate.m; sourceTree = "<group>"; };
		C92D6B162A4451CC00E3EDB2 /* SceneDelegate.h */ = {isa = PBXFileReference; lastKnownFileType = sourcecode.c.h; path = SceneDelegate.h; sourceTree = "<group>"; };
		C92D6B172A4451CC00E3EDB2 /* SceneDelegate.m */ = {isa = PBXFileReference; lastKnownFileType = sourcecode.c.objc; path = SceneDelegate.m; sourceTree = "<group>"; };
		C92D6B192A4451CC00E3EDB2 /* SearchViewController.h */ = {isa = PBXFileReference; lastKnownFileType = sourcecode.c.h; path = SearchViewController.h; sourceTree = "<group>"; };
		C92D6B1A2A4451CC00E3EDB2 /* SearchViewController.m */ = {isa = PBXFileReference; lastKnownFileType = sourcecode.c.objc; path = SearchViewController.m; sourceTree = "<group>"; };
		C92D6B1F2A4451CD00E3EDB2 /* Assets.xcassets */ = {isa = PBXFileReference; lastKnownFileType = folder.assetcatalog; path = Assets.xcassets; sourceTree = "<group>"; };
		C92D6B222A4451CD00E3EDB2 /* Base */ = {isa = PBXFileReference; lastKnownFileType = file.storyboard; name = Base; path = Base.lproj/LaunchScreen.storyboard; sourceTree = "<group>"; };
		C92D6B242A4451CD00E3EDB2 /* Info.plist */ = {isa = PBXFileReference; lastKnownFileType = text.plist.xml; path = Info.plist; sourceTree = "<group>"; };
		C92D6B2B2A4451CD00E3EDB2 /* UnbelievableSearchEngineTests.xctest */ = {isa = PBXFileReference; explicitFileType = wrapper.cfbundle; includeInIndex = 0; path = UnbelievableSearchEngineTests.xctest; sourceTree = BUILT_PRODUCTS_DIR; };
		C92D6B2F2A4451CE00E3EDB2 /* UnbelievableSearchEngineTests.m */ = {isa = PBXFileReference; lastKnownFileType = sourcecode.c.objc; path = UnbelievableSearchEngineTests.m; sourceTree = "<group>"; };
		C92D6B352A4451CE00E3EDB2 /* UnbelievableSearchEngineUITests.xctest */ = {isa = PBXFileReference; explicitFileType = wrapper.cfbundle; includeInIndex = 0; path = UnbelievableSearchEngineUITests.xctest; sourceTree = BUILT_PRODUCTS_DIR; };
		C92D6B392A4451CE00E3EDB2 /* UnbelievableSearchEngineUITests.m */ = {isa = PBXFileReference; lastKnownFileType = sourcecode.c.objc; path = UnbelievableSearchEngineUITests.m; sourceTree = "<group>"; };
		C92D6B3B2A4451CE00E3EDB2 /* UnbelievableSearchEngineUITestsLaunchTests.m */ = {isa = PBXFileReference; lastKnownFileType = sourcecode.c.objc; path = UnbelievableSearchEngineUITestsLaunchTests.m; sourceTree = "<group>"; };
		C92F4D302A44695500092485 /* main.m */ = {isa = PBXFileReference; fileEncoding = 4; lastKnownFileType = sourcecode.c.objc; path = main.m; sourceTree = "<group>"; };
		C92F4D392A454A3400092485 /* SearchView.xib */ = {isa = PBXFileReference; lastKnownFileType = file.xib; path = SearchView.xib; sourceTree = "<group>"; };
		C92F4D3E2A455AED00092485 /* SearchViewXib.h */ = {isa = PBXFileReference; lastKnownFileType = sourcecode.c.h; path = SearchViewXib.h; sourceTree = "<group>"; };
		C92F4D3F2A455AED00092485 /* SearchViewXib.m */ = {isa = PBXFileReference; lastKnownFileType = sourcecode.c.objc; path = SearchViewXib.m; sourceTree = "<group>"; };
/* End PBXFileReference section */

/* Begin PBXFrameworksBuildPhase section */
		C92D6B0D2A4451CC00E3EDB2 /* Frameworks */ = {
			isa = PBXFrameworksBuildPhase;
			buildActionMask = 2147483647;
			files = (
			);
			runOnlyForDeploymentPostprocessing = 0;
		};
		C92D6B282A4451CD00E3EDB2 /* Frameworks */ = {
			isa = PBXFrameworksBuildPhase;
			buildActionMask = 2147483647;
			files = (
			);
			runOnlyForDeploymentPostprocessing = 0;
		};
		C92D6B322A4451CE00E3EDB2 /* Frameworks */ = {
			isa = PBXFrameworksBuildPhase;
			buildActionMask = 2147483647;
			files = (
			);
			runOnlyForDeploymentPostprocessing = 0;
		};
/* End PBXFrameworksBuildPhase section */

/* Begin PBXGroup section */
		C92D6B072A4451CC00E3EDB2 = {
			isa = PBXGroup;
			children = (
				C92D6B122A4451CC00E3EDB2 /* UnbelievableSearchEngine */,
				C92D6B2E2A4451CE00E3EDB2 /* UnbelievableSearchEngineTests */,
				C92D6B382A4451CE00E3EDB2 /* UnbelievableSearchEngineUITests */,
				C92D6B112A4451CC00E3EDB2 /* Products */,
			);
			sourceTree = "<group>";
		};
		C92D6B112A4451CC00E3EDB2 /* Products */ = {
			isa = PBXGroup;
			children = (
				C92D6B102A4451CC00E3EDB2 /* UnbelievableSearchEngine.app */,
				C92D6B2B2A4451CD00E3EDB2 /* UnbelievableSearchEngineTests.xctest */,
				C92D6B352A4451CE00E3EDB2 /* UnbelievableSearchEngineUITests.xctest */,
			);
			name = Products;
			sourceTree = "<group>";
		};
		C92D6B122A4451CC00E3EDB2 /* UnbelievableSearchEngine */ = {
			isa = PBXGroup;
			children = (
				C92D6B482A44545500E3EDB2 /* App */,
				C92D6B4C2A4454A400E3EDB2 /* Enviroments */,
				C92D6B4D2A4454B200E3EDB2 /* Core */,
				C92D6B4E2A4454B800E3EDB2 /* Entities */,
				C92D6B4F2A4454C800E3EDB2 /* Flows */,
				C92D6B502A4454D000E3EDB2 /* Resources */,
			);
			path = UnbelievableSearchEngine;
			sourceTree = "<group>";
		};
		C92D6B2E2A4451CE00E3EDB2 /* UnbelievableSearchEngineTests */ = {
			isa = PBXGroup;
			children = (
				C92D6B2F2A4451CE00E3EDB2 /* UnbelievableSearchEngineTests.m */,
			);
			path = UnbelievableSearchEngineTests;
			sourceTree = "<group>";
		};
		C92D6B382A4451CE00E3EDB2 /* UnbelievableSearchEngineUITests */ = {
			isa = PBXGroup;
			children = (
				C92D6B392A4451CE00E3EDB2 /* UnbelievableSearchEngineUITests.m */,
				C92D6B3B2A4451CE00E3EDB2 /* UnbelievableSearchEngineUITestsLaunchTests.m */,
			);
			path = UnbelievableSearchEngineUITests;
			sourceTree = "<group>";
		};
		C92D6B482A44545500E3EDB2 /* App */ = {
			isa = PBXGroup;
			children = (
				C92F4D322A4469A200092485 /* Main */,
				C92D6B492A44545B00E3EDB2 /* Delegates */,
				C92D6B4B2A44548B00E3EDB2 /* BussinessLogic */,
				C92D6B4A2A44547800E3EDB2 /* Assembly */,
			);
			path = App;
			sourceTree = "<group>";
		};
		C92D6B492A44545B00E3EDB2 /* Delegates */ = {
			isa = PBXGroup;
			children = (
				C92D6B132A4451CC00E3EDB2 /* AppDelegate.h */,
				C92D6B142A4451CC00E3EDB2 /* AppDelegate.m */,
				C92D6B162A4451CC00E3EDB2 /* SceneDelegate.h */,
				C92D6B172A4451CC00E3EDB2 /* SceneDelegate.m */,
			);
			path = Delegates;
			sourceTree = "<group>";
		};
		C92D6B4A2A44547800E3EDB2 /* Assembly */ = {
			isa = PBXGroup;
			children = (
			);
			path = Assembly;
			sourceTree = "<group>";
		};
		C92D6B4B2A44548B00E3EDB2 /* BussinessLogic */ = {
			isa = PBXGroup;
			children = (
			);
			path = BussinessLogic;
			sourceTree = "<group>";
		};
		C92D6B4C2A4454A400E3EDB2 /* Enviroments */ = {
			isa = PBXGroup;
			children = (
				C92D6B242A4451CD00E3EDB2 /* Info.plist */,
			);
			path = Enviroments;
			sourceTree = "<group>";
		};
		C92D6B4D2A4454B200E3EDB2 /* Core */ = {
			isa = PBXGroup;
			children = (
			);
			path = Core;
			sourceTree = "<group>";
		};
		C92D6B4E2A4454B800E3EDB2 /* Entities */ = {
			isa = PBXGroup;
			children = (
			);
			path = Entities;
			sourceTree = "<group>";
		};
		C92D6B4F2A4454C800E3EDB2 /* Flows */ = {
			isa = PBXGroup;
			children = (
				C92D6B512A44551300E3EDB2 /* SearchScreen */,
				C92D6B522A44552700E3EDB2 /* LaunchScreen */,
			);
			path = Flows;
			sourceTree = "<group>";
		};
		C92D6B502A4454D000E3EDB2 /* Resources */ = {
			isa = PBXGroup;
			children = (
				C92D6B1F2A4451CD00E3EDB2 /* Assets.xcassets */,
			);
			path = Resources;
			sourceTree = "<group>";
		};
		C92D6B512A44551300E3EDB2 /* SearchScreen */ = {
			isa = PBXGroup;
			children = (
				C92F4D382A454A2300092485 /* views */,
				C92D6B192A4451CC00E3EDB2 /* SearchViewController.h */,
				C92D6B1A2A4451CC00E3EDB2 /* SearchViewController.m */,
			);
			path = SearchScreen;
			sourceTree = "<group>";
		};
		C92D6B522A44552700E3EDB2 /* LaunchScreen */ = {
			isa = PBXGroup;
			children = (
				C92D6B212A4451CD00E3EDB2 /* LaunchScreen.storyboard */,
			);
			path = LaunchScreen;
			sourceTree = "<group>";
		};
		C92F4D322A4469A200092485 /* Main */ = {
			isa = PBXGroup;
			children = (
				C92F4D302A44695500092485 /* main.m */,
			);
			path = Main;
			sourceTree = "<group>";
		};
		C92F4D382A454A2300092485 /* views */ = {
			isa = PBXGroup;
			children = (
				C92F4D392A454A3400092485 /* SearchView.xib */,
				C92F4D3E2A455AED00092485 /* SearchViewXib.h */,
				C92F4D3F2A455AED00092485 /* SearchViewXib.m */,
			);
			path = views;
			sourceTree = "<group>";
		};
/* End PBXGroup section */

/* Begin PBXNativeTarget section */
		C92D6B0F2A4451CC00E3EDB2 /* UnbelievableSearchEngine */ = {
			isa = PBXNativeTarget;
			buildConfigurationList = C92D6B3F2A4451CE00E3EDB2 /* Build configuration list for PBXNativeTarget "UnbelievableSearchEngine" */;
			buildPhases = (
				C92D6B0C2A4451CC00E3EDB2 /* Sources */,
				C92D6B0D2A4451CC00E3EDB2 /* Frameworks */,
				C92D6B0E2A4451CC00E3EDB2 /* Resources */,
			);
			buildRules = (
			);
			dependencies = (
			);
			name = UnbelievableSearchEngine;
			productName = UnbelievableSearchEngine;
			productReference = C92D6B102A4451CC00E3EDB2 /* UnbelievableSearchEngine.app */;
			productType = "com.apple.product-type.application";
		};
		C92D6B2A2A4451CD00E3EDB2 /* UnbelievableSearchEngineTests */ = {
			isa = PBXNativeTarget;
			buildConfigurationList = C92D6B422A4451CE00E3EDB2 /* Build configuration list for PBXNativeTarget "UnbelievableSearchEngineTests" */;
			buildPhases = (
				C92D6B272A4451CD00E3EDB2 /* Sources */,
				C92D6B282A4451CD00E3EDB2 /* Frameworks */,
				C92D6B292A4451CD00E3EDB2 /* Resources */,
			);
			buildRules = (
			);
			dependencies = (
				C92D6B2D2A4451CD00E3EDB2 /* PBXTargetDependency */,
			);
			name = UnbelievableSearchEngineTests;
			productName = UnbelievableSearchEngineTests;
			productReference = C92D6B2B2A4451CD00E3EDB2 /* UnbelievableSearchEngineTests.xctest */;
			productType = "com.apple.product-type.bundle.unit-test";
		};
		C92D6B342A4451CE00E3EDB2 /* UnbelievableSearchEngineUITests */ = {
			isa = PBXNativeTarget;
			buildConfigurationList = C92D6B452A4451CE00E3EDB2 /* Build configuration list for PBXNativeTarget "UnbelievableSearchEngineUITests" */;
			buildPhases = (
				C92D6B312A4451CE00E3EDB2 /* Sources */,
				C92D6B322A4451CE00E3EDB2 /* Frameworks */,
				C92D6B332A4451CE00E3EDB2 /* Resources */,
			);
			buildRules = (
			);
			dependencies = (
				C92D6B372A4451CE00E3EDB2 /* PBXTargetDependency */,
			);
			name = UnbelievableSearchEngineUITests;
			productName = UnbelievableSearchEngineUITests;
			productReference = C92D6B352A4451CE00E3EDB2 /* UnbelievableSearchEngineUITests.xctest */;
			productType = "com.apple.product-type.bundle.ui-testing";
		};
/* End PBXNativeTarget section */

/* Begin PBXProject section */
		C92D6B082A4451CC00E3EDB2 /* Project object */ = {
			isa = PBXProject;
			attributes = {
				BuildIndependentTargetsInParallel = 1;
				LastUpgradeCheck = 1400;
				TargetAttributes = {
					C92D6B0F2A4451CC00E3EDB2 = {
						CreatedOnToolsVersion = 14.0.1;
					};
					C92D6B2A2A4451CD00E3EDB2 = {
						CreatedOnToolsVersion = 14.0.1;
						TestTargetID = C92D6B0F2A4451CC00E3EDB2;
					};
					C92D6B342A4451CE00E3EDB2 = {
						CreatedOnToolsVersion = 14.0.1;
						TestTargetID = C92D6B0F2A4451CC00E3EDB2;
					};
				};
			};
			buildConfigurationList = C92D6B0B2A4451CC00E3EDB2 /* Build configuration list for PBXProject "UnbelievableSearchEngine" */;
			compatibilityVersion = "Xcode 14.0";
			developmentRegion = en;
			hasScannedForEncodings = 0;
			knownRegions = (
				en,
				Base,
			);
			mainGroup = C92D6B072A4451CC00E3EDB2;
			productRefGroup = C92D6B112A4451CC00E3EDB2 /* Products */;
			projectDirPath = "";
			projectRoot = "";
			targets = (
				C92D6B0F2A4451CC00E3EDB2 /* UnbelievableSearchEngine */,
				C92D6B2A2A4451CD00E3EDB2 /* UnbelievableSearchEngineTests */,
				C92D6B342A4451CE00E3EDB2 /* UnbelievableSearchEngineUITests */,
			);
		};
/* End PBXProject section */

/* Begin PBXResourcesBuildPhase section */
		C92D6B0E2A4451CC00E3EDB2 /* Resources */ = {
			isa = PBXResourcesBuildPhase;
			buildActionMask = 2147483647;
			files = (
				C92D6B232A4451CD00E3EDB2 /* LaunchScreen.storyboard in Resources */,
				C92D6B202A4451CD00E3EDB2 /* Assets.xcassets in Resources */,
				C92F4D3A2A454A3400092485 /* SearchView.xib in Resources */,
			);
			runOnlyForDeploymentPostprocessing = 0;
		};
		C92D6B292A4451CD00E3EDB2 /* Resources */ = {
			isa = PBXResourcesBuildPhase;
			buildActionMask = 2147483647;
			files = (
			);
			runOnlyForDeploymentPostprocessing = 0;
		};
		C92D6B332A4451CE00E3EDB2 /* Resources */ = {
			isa = PBXResourcesBuildPhase;
			buildActionMask = 2147483647;
			files = (
			);
			runOnlyForDeploymentPostprocessing = 0;
		};
/* End PBXResourcesBuildPhase section */

/* Begin PBXSourcesBuildPhase section */
		C92D6B0C2A4451CC00E3EDB2 /* Sources */ = {
			isa = PBXSourcesBuildPhase;
			buildActionMask = 2147483647;
			files = (
				C92D6B1B2A4451CC00E3EDB2 /* SearchViewController.m in Sources */,
				C92D6B152A4451CC00E3EDB2 /* AppDelegate.m in Sources */,
				C92F4D402A455AED00092485 /* SearchViewXib.m in Sources */,
				C92F4D312A44695500092485 /* main.m in Sources */,
				C92D6B182A4451CC00E3EDB2 /* SceneDelegate.m in Sources */,
			);
			runOnlyForDeploymentPostprocessing = 0;
		};
		C92D6B272A4451CD00E3EDB2 /* Sources */ = {
			isa = PBXSourcesBuildPhase;
			buildActionMask = 2147483647;
			files = (
				C92D6B302A4451CE00E3EDB2 /* UnbelievableSearchEngineTests.m in Sources */,
			);
			runOnlyForDeploymentPostprocessing = 0;
		};
		C92D6B312A4451CE00E3EDB2 /* Sources */ = {
			isa = PBXSourcesBuildPhase;
			buildActionMask = 2147483647;
			files = (
				C92D6B3C2A4451CE00E3EDB2 /* UnbelievableSearchEngineUITestsLaunchTests.m in Sources */,
				C92D6B3A2A4451CE00E3EDB2 /* UnbelievableSearchEngineUITests.m in Sources */,
			);
			runOnlyForDeploymentPostprocessing = 0;
		};
/* End PBXSourcesBuildPhase section */

/* Begin PBXTargetDependency section */
		C92D6B2D2A4451CD00E3EDB2 /* PBXTargetDependency */ = {
			isa = PBXTargetDependency;
			target = C92D6B0F2A4451CC00E3EDB2 /* UnbelievableSearchEngine */;
			targetProxy = C92D6B2C2A4451CD00E3EDB2 /* PBXContainerItemProxy */;
		};
		C92D6B372A4451CE00E3EDB2 /* PBXTargetDependency */ = {
			isa = PBXTargetDependency;
			target = C92D6B0F2A4451CC00E3EDB2 /* UnbelievableSearchEngine */;
			targetProxy = C92D6B362A4451CE00E3EDB2 /* PBXContainerItemProxy */;
		};
/* End PBXTargetDependency section */

/* Begin PBXVariantGroup section */
		C92D6B212A4451CD00E3EDB2 /* LaunchScreen.storyboard */ = {
			isa = PBXVariantGroup;
			children = (
				C92D6B222A4451CD00E3EDB2 /* Base */,
			);
			name = LaunchScreen.storyboard;
			sourceTree = "<group>";
		};
/* End PBXVariantGroup section */

/* Begin XCBuildConfiguration section */
		C92D6B3D2A4451CE00E3EDB2 /* Debug */ = {
			isa = XCBuildConfiguration;
			buildSettings = {
				ALWAYS_SEARCH_USER_PATHS = NO;
				CLANG_ANALYZER_NONNULL = YES;
				CLANG_ANALYZER_NUMBER_OBJECT_CONVERSION = YES_AGGRESSIVE;
				CLANG_CXX_LANGUAGE_STANDARD = "gnu++20";
				CLANG_ENABLE_MODULES = YES;
				CLANG_ENABLE_OBJC_ARC = YES;
				CLANG_ENABLE_OBJC_WEAK = YES;
				CLANG_WARN_BLOCK_CAPTURE_AUTORELEASING = YES;
				CLANG_WARN_BOOL_CONVERSION = YES;
				CLANG_WARN_COMMA = YES;
				CLANG_WARN_CONSTANT_CONVERSION = YES;
				CLANG_WARN_DEPRECATED_OBJC_IMPLEMENTATIONS = YES;
				CLANG_WARN_DIRECT_OBJC_ISA_USAGE = YES_ERROR;
				CLANG_WARN_DOCUMENTATION_COMMENTS = YES;
				CLANG_WARN_EMPTY_BODY = YES;
				CLANG_WARN_ENUM_CONVERSION = YES;
				CLANG_WARN_INFINITE_RECURSION = YES;
				CLANG_WARN_INT_CONVERSION = YES;
				CLANG_WARN_NON_LITERAL_NULL_CONVERSION = YES;
				CLANG_WARN_OBJC_IMPLICIT_RETAIN_SELF = YES;
				CLANG_WARN_OBJC_LITERAL_CONVERSION = YES;
				CLANG_WARN_OBJC_ROOT_CLASS = YES_ERROR;
				CLANG_WARN_QUOTED_INCLUDE_IN_FRAMEWORK_HEADER = YES;
				CLANG_WARN_RANGE_LOOP_ANALYSIS = YES;
				CLANG_WARN_STRICT_PROTOTYPES = YES;
				CLANG_WARN_SUSPICIOUS_MOVE = YES;
				CLANG_WARN_UNGUARDED_AVAILABILITY = YES_AGGRESSIVE;
				CLANG_WARN_UNREACHABLE_CODE = YES;
				CLANG_WARN__DUPLICATE_METHOD_MATCH = YES;
				COPY_PHASE_STRIP = NO;
				DEBUG_INFORMATION_FORMAT = dwarf;
				ENABLE_STRICT_OBJC_MSGSEND = YES;
				ENABLE_TESTABILITY = YES;
				GCC_C_LANGUAGE_STANDARD = gnu11;
				GCC_DYNAMIC_NO_PIC = NO;
				GCC_NO_COMMON_BLOCKS = YES;
				GCC_OPTIMIZATION_LEVEL = 0;
				GCC_PREPROCESSOR_DEFINITIONS = (
					"DEBUG=1",
					"$(inherited)",
				);
				GCC_WARN_64_TO_32_BIT_CONVERSION = YES;
				GCC_WARN_ABOUT_RETURN_TYPE = YES_ERROR;
				GCC_WARN_UNDECLARED_SELECTOR = YES;
				GCC_WARN_UNINITIALIZED_AUTOS = YES_AGGRESSIVE;
				GCC_WARN_UNUSED_FUNCTION = YES;
				GCC_WARN_UNUSED_VARIABLE = YES;
				IPHONEOS_DEPLOYMENT_TARGET = 15.0;
				MTL_ENABLE_DEBUG_INFO = INCLUDE_SOURCE;
				MTL_FAST_MATH = YES;
				ONLY_ACTIVE_ARCH = YES;
				SDKROOT = iphoneos;
			};
			name = Debug;
		};
		C92D6B3E2A4451CE00E3EDB2 /* Release */ = {
			isa = XCBuildConfiguration;
			buildSettings = {
				ALWAYS_SEARCH_USER_PATHS = NO;
				CLANG_ANALYZER_NONNULL = YES;
				CLANG_ANALYZER_NUMBER_OBJECT_CONVERSION = YES_AGGRESSIVE;
				CLANG_CXX_LANGUAGE_STANDARD = "gnu++20";
				CLANG_ENABLE_MODULES = YES;
				CLANG_ENABLE_OBJC_ARC = YES;
				CLANG_ENABLE_OBJC_WEAK = YES;
				CLANG_WARN_BLOCK_CAPTURE_AUTORELEASING = YES;
				CLANG_WARN_BOOL_CONVERSION = YES;
				CLANG_WARN_COMMA = YES;
				CLANG_WARN_CONSTANT_CONVERSION = YES;
				CLANG_WARN_DEPRECATED_OBJC_IMPLEMENTATIONS = YES;
				CLANG_WARN_DIRECT_OBJC_ISA_USAGE = YES_ERROR;
				CLANG_WARN_DOCUMENTATION_COMMENTS = YES;
				CLANG_WARN_EMPTY_BODY = YES;
				CLANG_WARN_ENUM_CONVERSION = YES;
				CLANG_WARN_INFINITE_RECURSION = YES;
				CLANG_WARN_INT_CONVERSION = YES;
				CLANG_WARN_NON_LITERAL_NULL_CONVERSION = YES;
				CLANG_WARN_OBJC_IMPLICIT_RETAIN_SELF = YES;
				CLANG_WARN_OBJC_LITERAL_CONVERSION = YES;
				CLANG_WARN_OBJC_ROOT_CLASS = YES_ERROR;
				CLANG_WARN_QUOTED_INCLUDE_IN_FRAMEWORK_HEADER = YES;
				CLANG_WARN_RANGE_LOOP_ANALYSIS = YES;
				CLANG_WARN_STRICT_PROTOTYPES = YES;
				CLANG_WARN_SUSPICIOUS_MOVE = YES;
				CLANG_WARN_UNGUARDED_AVAILABILITY = YES_AGGRESSIVE;
				CLANG_WARN_UNREACHABLE_CODE = YES;
				CLANG_WARN__DUPLICATE_METHOD_MATCH = YES;
				COPY_PHASE_STRIP = NO;
				DEBUG_INFORMATION_FORMAT = "dwarf-with-dsym";
				ENABLE_NS_ASSERTIONS = NO;
				ENABLE_STRICT_OBJC_MSGSEND = YES;
				GCC_C_LANGUAGE_STANDARD = gnu11;
				GCC_NO_COMMON_BLOCKS = YES;
				GCC_WARN_64_TO_32_BIT_CONVERSION = YES;
				GCC_WARN_ABOUT_RETURN_TYPE = YES_ERROR;
				GCC_WARN_UNDECLARED_SELECTOR = YES;
				GCC_WARN_UNINITIALIZED_AUTOS = YES_AGGRESSIVE;
				GCC_WARN_UNUSED_FUNCTION = YES;
				GCC_WARN_UNUSED_VARIABLE = YES;
				IPHONEOS_DEPLOYMENT_TARGET = 15.0;
				MTL_ENABLE_DEBUG_INFO = NO;
				MTL_FAST_MATH = YES;
				SDKROOT = iphoneos;
				VALIDATE_PRODUCT = YES;
			};
			name = Release;
		};
		C92D6B402A4451CE00E3EDB2 /* Debug */ = {
			isa = XCBuildConfiguration;
			buildSettings = {
				ASSETCATALOG_COMPILER_APPICON_NAME = AppIcon;
				ASSETCATALOG_COMPILER_GLOBAL_ACCENT_COLOR_NAME = AccentColor;
				CODE_SIGN_STYLE = Automatic;
				CURRENT_PROJECT_VERSION = 1;
				DEVELOPMENT_TEAM = 2F3F8R7TSF;
				GENERATE_INFOPLIST_FILE = YES;
				INFOPLIST_FILE = UnbelievableSearchEngine/Enviroments/Info.plist;
				INFOPLIST_KEY_LSApplicationCategoryType = "public.app-category.entertainment";
				INFOPLIST_KEY_UIApplicationSupportsIndirectInputEvents = YES;
				INFOPLIST_KEY_UILaunchStoryboardName = LaunchScreen;
				INFOPLIST_KEY_UISupportedInterfaceOrientations = "UIInterfaceOrientationLandscapeLeft UIInterfaceOrientationLandscapeRight UIInterfaceOrientationPortrait UIInterfaceOrientationPortraitUpsideDown";
				INFOPLIST_KEY_UISupportedInterfaceOrientations_iPad = UIInterfaceOrientationPortrait;
				IPHONEOS_DEPLOYMENT_TARGET = 15.0;
				LD_RUNPATH_SEARCH_PATHS = (
					"$(inherited)",
					"@executable_path/Frameworks",
				);
				MARKETING_VERSION = 1.0;
				PRODUCT_BUNDLE_IDENTIFIER = com.alxplvv.dev.UnbelievableSearchEngine;
				PRODUCT_NAME = "$(TARGET_NAME)";
				SUPPORTED_PLATFORMS = "iphoneos iphonesimulator";
				SUPPORTS_MACCATALYST = NO;
				SUPPORTS_MAC_DESIGNED_FOR_IPHONE_IPAD = NO;
				SWIFT_EMIT_LOC_STRINGS = YES;
				TARGETED_DEVICE_FAMILY = 1;
			};
			name = Debug;
		};
		C92D6B412A4451CE00E3EDB2 /* Release */ = {
			isa = XCBuildConfiguration;
			buildSettings = {
				ASSETCATALOG_COMPILER_APPICON_NAME = AppIcon;
				ASSETCATALOG_COMPILER_GLOBAL_ACCENT_COLOR_NAME = AccentColor;
				CODE_SIGN_STYLE = Automatic;
				CURRENT_PROJECT_VERSION = 1;
				DEVELOPMENT_TEAM = 2F3F8R7TSF;
				GENERATE_INFOPLIST_FILE = YES;
				INFOPLIST_FILE = UnbelievableSearchEngine/Enviroments/Info.plist;
				INFOPLIST_KEY_LSApplicationCategoryType = "public.app-category.entertainment";
				INFOPLIST_KEY_UIApplicationSupportsIndirectInputEvents = YES;
				INFOPLIST_KEY_UILaunchStoryboardName = LaunchScreen;
				INFOPLIST_KEY_UISupportedInterfaceOrientations = "UIInterfaceOrientationLandscapeLeft UIInterfaceOrientationLandscapeRight UIInterfaceOrientationPortrait UIInterfaceOrientationPortraitUpsideDown";
				INFOPLIST_KEY_UISupportedInterfaceOrientations_iPad = UIInterfaceOrientationPortrait;
				IPHONEOS_DEPLOYMENT_TARGET = 15.0;
				LD_RUNPATH_SEARCH_PATHS = (
					"$(inherited)",
					"@executable_path/Frameworks",
				);
				MARKETING_VERSION = 1.0;
				PRODUCT_BUNDLE_IDENTIFIER = com.alxplvv.dev.UnbelievableSearchEngine;
				PRODUCT_NAME = "$(TARGET_NAME)";
				SUPPORTED_PLATFORMS = "iphoneos iphonesimulator";
				SUPPORTS_MACCATALYST = NO;
				SUPPORTS_MAC_DESIGNED_FOR_IPHONE_IPAD = NO;
				SWIFT_EMIT_LOC_STRINGS = YES;
				TARGETED_DEVICE_FAMILY = 1;
			};
			name = Release;
		};
		C92D6B432A4451CE00E3EDB2 /* Debug */ = {
			isa = XCBuildConfiguration;
			buildSettings = {
				BUNDLE_LOADER = "$(TEST_HOST)";
				CODE_SIGN_STYLE = Automatic;
				CURRENT_PROJECT_VERSION = 1;
				DEVELOPMENT_TEAM = 2F3F8R7TSF;
				GENERATE_INFOPLIST_FILE = YES;
				IPHONEOS_DEPLOYMENT_TARGET = 16.0;
				MARKETING_VERSION = 1.0;
				PRODUCT_BUNDLE_IDENTIFIER = com.alxplvv.dev.UnbelievableSearchEngineTests;
				PRODUCT_NAME = "$(TARGET_NAME)";
				SWIFT_EMIT_LOC_STRINGS = NO;
				TARGETED_DEVICE_FAMILY = "1,2";
				TEST_HOST = "$(BUILT_PRODUCTS_DIR)/UnbelievableSearchEngine.app/$(BUNDLE_EXECUTABLE_FOLDER_PATH)/UnbelievableSearchEngine";
			};
			name = Debug;
		};
		C92D6B442A4451CE00E3EDB2 /* Release */ = {
			isa = XCBuildConfiguration;
			buildSettings = {
				BUNDLE_LOADER = "$(TEST_HOST)";
				CODE_SIGN_STYLE = Automatic;
				CURRENT_PROJECT_VERSION = 1;
				DEVELOPMENT_TEAM = 2F3F8R7TSF;
				GENERATE_INFOPLIST_FILE = YES;
				IPHONEOS_DEPLOYMENT_TARGET = 16.0;
				MARKETING_VERSION = 1.0;
				PRODUCT_BUNDLE_IDENTIFIER = com.alxplvv.dev.UnbelievableSearchEngineTests;
				PRODUCT_NAME = "$(TARGET_NAME)";
				SWIFT_EMIT_LOC_STRINGS = NO;
				TARGETED_DEVICE_FAMILY = "1,2";
				TEST_HOST = "$(BUILT_PRODUCTS_DIR)/UnbelievableSearchEngine.app/$(BUNDLE_EXECUTABLE_FOLDER_PATH)/UnbelievableSearchEngine";
			};
			name = Release;
		};
		C92D6B462A4451CE00E3EDB2 /* Debug */ = {
			isa = XCBuildConfiguration;
			buildSettings = {
				CODE_SIGN_STYLE = Automatic;
				CURRENT_PROJECT_VERSION = 1;
				DEVELOPMENT_TEAM = 2F3F8R7TSF;
				GENERATE_INFOPLIST_FILE = YES;
				MARKETING_VERSION = 1.0;
				PRODUCT_BUNDLE_IDENTIFIER = com.alxplvv.dev.UnbelievableSearchEngineUITests;
				PRODUCT_NAME = "$(TARGET_NAME)";
				SWIFT_EMIT_LOC_STRINGS = NO;
				TARGETED_DEVICE_FAMILY = "1,2";
				TEST_TARGET_NAME = UnbelievableSearchEngine;
			};
			name = Debug;
		};
		C92D6B472A4451CE00E3EDB2 /* Release */ = {
			isa = XCBuildConfiguration;
			buildSettings = {
				CODE_SIGN_STYLE = Automatic;
				CURRENT_PROJECT_VERSION = 1;
				DEVELOPMENT_TEAM = 2F3F8R7TSF;
				GENERATE_INFOPLIST_FILE = YES;
				MARKETING_VERSION = 1.0;
				PRODUCT_BUNDLE_IDENTIFIER = com.alxplvv.dev.UnbelievableSearchEngineUITests;
				PRODUCT_NAME = "$(TARGET_NAME)";
				SWIFT_EMIT_LOC_STRINGS = NO;
				TARGETED_DEVICE_FAMILY = "1,2";
				TEST_TARGET_NAME = UnbelievableSearchEngine;
			};
			name = Release;
		};
/* End XCBuildConfiguration section */

/* Begin XCConfigurationList section */
		C92D6B0B2A4451CC00E3EDB2 /* Build configuration list for PBXProject "UnbelievableSearchEngine" */ = {
			isa = XCConfigurationList;
			buildConfigurations = (
				C92D6B3D2A4451CE00E3EDB2 /* Debug */,
				C92D6B3E2A4451CE00E3EDB2 /* Release */,
			);
			defaultConfigurationIsVisible = 0;
			defaultConfigurationName = Release;
		};
		C92D6B3F2A4451CE00E3EDB2 /* Build configuration list for PBXNativeTarget "UnbelievableSearchEngine" */ = {
			isa = XCConfigurationList;
			buildConfigurations = (
				C92D6B402A4451CE00E3EDB2 /* Debug */,
				C92D6B412A4451CE00E3EDB2 /* Release */,
			);
			defaultConfigurationIsVisible = 0;
			defaultConfigurationName = Release;
		};
		C92D6B422A4451CE00E3EDB2 /* Build configuration list for PBXNativeTarget "UnbelievableSearchEngineTests" */ = {
			isa = XCConfigurationList;
			buildConfigurations = (
				C92D6B432A4451CE00E3EDB2 /* Debug */,
				C92D6B442A4451CE00E3EDB2 /* Release */,
			);
			defaultConfigurationIsVisible = 0;
			defaultConfigurationName = Release;
		};
		C92D6B452A4451CE00E3EDB2 /* Build configuration list for PBXNativeTarget "UnbelievableSearchEngineUITests" */ = {
			isa = XCConfigurationList;
			buildConfigurations = (
				C92D6B462A4451CE00E3EDB2 /* Debug */,
				C92D6B472A4451CE00E3EDB2 /* Release */,
			);
			defaultConfigurationIsVisible = 0;
			defaultConfigurationName = Release;
		};
/* End XCConfigurationList section */
	};
	rootObject = C92D6B082A4451CC00E3EDB2 /* Project object */;
}
